
Microsoft Visual Studio Solution File, Format Version 12.00
# Visual Studio Version 17
VisualStudioVersion = 17.4.33110.190
MinimumVisualStudioVersion = 10.0.40219.1
Project("{8BC9CEB8-8B4A-11D0-8D11-00A0C91BC942}") = "PostfixExpressions", "PostfixExpressions\PostfixExpressions.vcxproj", "{90B51DE4-E377-4934-85CF-02916FC32D0F}"
EndProject
Project("{8BC9CEB8-8B4A-11D0-8D11-00A0C91BC942}") = "test", "test\test.vcxproj", "{C374EFD2-20A2-4551-85A4-1A2F13F7696C}"
EndProject
Global
	GlobalSection(SolutionConfigurationPlatforms) = preSolution
		Debug|x64 = Debug|x64
		Debug|x86 = Debug|x86
		Release|x64 = Release|x64
		Release|x86 = Release|x86
	EndGlobalSection
	GlobalSection(ProjectConfigurationPlatforms) = postSolution
		{90B51DE4-E377-4934-85CF-02916FC32D0F}.Debug|x64.ActiveCfg = Debug|x64
		{90B51DE4-E377-4934-85CF-02916FC32D0F}.Debug|x64.Build.0 = Debug|x64
		{90B51DE4-E377-4934-85CF-02916FC32D0F}.Debug|x86.ActiveCfg = Debug|Win32
		{90B51DE4-E377-4934-85CF-02916FC32D0F}.Debug|x86.Build.0 = Debug|Win32
		{90B51DE4-E377-4934-85CF-02916FC32D0F}.Release|x64.ActiveCfg = Release|x64
		{90B51DE4-E377-4934-85CF-02916FC32D0F}.Release|x64.Build.0 = Release|x64
		{90B51DE4-E377-4934-85CF-02916FC32D0F}.Release|x86.ActiveCfg = Release|Win32
		{90B51DE4-E377-4934-85CF-02916FC32D0F}.Release|x86.Build.0 = Release|Win32
		{C374EFD2-20A2-4551-85A4-1A2F13F7696C}.Debug|x64.ActiveCfg = Debug|x64
		{C374EFD2-20A2-4551-85A4-1A2F13F7696C}.Debug|x64.Build.0 = Debug|x64
		{C374EFD2-20A2-4551-85A4-1A2F13F7696C}.Debug|x86.ActiveCfg = Debug|Win32
		{C374EFD2-20A2-4551-85A4-1A2F13F7696C}.Debug|x86.Build.0 = Debug|Win32
		{C374EFD2-20A2-4551-85A4-1A2F13F7696C}.Release|x64.ActiveCfg = Release|x64
		{C374EFD2-20A2-4551-85A4-1A2F13F7696C}.Release|x64.Build.0 = Release|x64
		{C374EFD2-20A2-4551-85A4-1A2F13F7696C}.Release|x86.ActiveCfg = Release|Win32
		{C374EFD2-20A2-4551-85A4-1A2F13F7696C}.Release|x86.Build.0 = Release|Win32
	EndGlobalSection
	GlobalSection(SolutionProperties) = preSolution
		HideSolutionNode = FALSE
	EndGlobalSection
	GlobalSection(ExtensibilityGlobals) = postSolution
		SolutionGuid = {63586277-CE93-4652-87D7-9A588969278D}
	EndGlobalSection
EndGlobal
